Microsoft Visual Studio Solution File, Format Version 11.00
# Visual Studio 2010
Project("{2150E333-8FDC-42A3-9474-1A3956D46DE8}") = "GlobalCommon", "GlobalCommon", "{D34CB779-0F60-4304-9525-9F5B224281F6}"
EndProject
Project("{2150E333-8FDC-42A3-9474-1A3956D46DE8}") = "ServerProject", "ServerProject", "{B2DA2499-B5BC-426A-A9C1-723E21BF43C1}"
EndProject
Project("{8BC9CEB8-8B4A-11D0-8D11-00A0C91BC942}") = "Utility", "Common\Utility\Utility_VC10.vcxproj", "{C40CA432-21FF-43EA-A604-452AE6C3430B}"
EndProject
Project("{8BC9CEB8-8B4A-11D0-8D11-00A0C91BC942}") = "AdvanceLib", "Common\AdvanceLib\AdvanceLib_VC10.vcxproj", "{9626EE8E-5A74-4CE4-9B17-69C042DF94F2}"
EndProject
Project("{8BC9CEB8-8B4A-11D0-8D11-00A0C91BC942}") = "PushServer", "PushServer\PushServer.vcxproj", "{971F6F0D-A57E-4330-A41E-D8D7216F1085}"
EndProject
Global
	GlobalSection(SolutionConfigurationPlatforms) = preSolution
		Debug_Tools|Win32 = Debug_Tools|Win32
		Debug|Win32 = Debug|Win32
		Release_Tools|Win32 = Release_Tools|Win32
		Release|Win32 = Release|Win32
		Template|Win32 = Template|Win32
		WIN32_DEBUG|Win32 = WIN32_DEBUG|Win32
		WIN32_RELEASE|Win32 = WIN32_RELEASE|Win32
	EndGlobalSection
	GlobalSection(ProjectConfigurationPlatforms) = postSolution
		{C40CA432-21FF-43EA-A604-452AE6C3430B}.Debug_Tools|Win32.ActiveCfg = Debug|Win32
		{C40CA432-21FF-43EA-A604-452AE6C3430B}.Debug_Tools|Win32.Build.0 = Debug|Win32
		{C40CA432-21FF-43EA-A604-452AE6C3430B}.Debug|Win32.ActiveCfg = Debug|Win32
		{C40CA432-21FF-43EA-A604-452AE6C3430B}.Debug|Win32.Build.0 = Debug|Win32
		{C40CA432-21FF-43EA-A604-452AE6C3430B}.Release_Tools|Win32.ActiveCfg = Release|Win32
		{C40CA432-21FF-43EA-A604-452AE6C3430B}.Release_Tools|Win32.Build.0 = Release|Win32
		{C40CA432-21FF-43EA-A604-452AE6C3430B}.Release|Win32.ActiveCfg = Release|Win32
		{C40CA432-21FF-43EA-A604-452AE6C3430B}.Release|Win32.Build.0 = Release|Win32
		{C40CA432-21FF-43EA-A604-452AE6C3430B}.Template|Win32.ActiveCfg = Template|Win32
		{C40CA432-21FF-43EA-A604-452AE6C3430B}.Template|Win32.Build.0 = Template|Win32
		{C40CA432-21FF-43EA-A604-452AE6C3430B}.WIN32_DEBUG|Win32.ActiveCfg = Template|Win32
		{C40CA432-21FF-43EA-A604-452AE6C3430B}.WIN32_DEBUG|Win32.Build.0 = Template|Win32
		{C40CA432-21FF-43EA-A604-452AE6C3430B}.WIN32_RELEASE|Win32.ActiveCfg = Template|Win32
		{C40CA432-21FF-43EA-A604-452AE6C3430B}.WIN32_RELEASE|Win32.Build.0 = Template|Win32
		{9626EE8E-5A74-4CE4-9B17-69C042DF94F2}.Debug_Tools|Win32.ActiveCfg = Debug|Win32
		{9626EE8E-5A74-4CE4-9B17-69C042DF94F2}.Debug_Tools|Win32.Build.0 = Debug|Win32
		{9626EE8E-5A74-4CE4-9B17-69C042DF94F2}.Debug|Win32.ActiveCfg = Debug|Win32
		{9626EE8E-5A74-4CE4-9B17-69C042DF94F2}.Debug|Win32.Build.0 = Debug|Win32
		{9626EE8E-5A74-4CE4-9B17-69C042DF94F2}.Release_Tools|Win32.ActiveCfg = Release|Win32
		{9626EE8E-5A74-4CE4-9B17-69C042DF94F2}.Release_Tools|Win32.Build.0 = Release|Win32
		{9626EE8E-5A74-4CE4-9B17-69C042DF94F2}.Release|Win32.ActiveCfg = Release|Win32
		{9626EE8E-5A74-4CE4-9B17-69C042DF94F2}.Release|Win32.Build.0 = Release|Win32
		{9626EE8E-5A74-4CE4-9B17-69C042DF94F2}.Template|Win32.ActiveCfg = Release|Win32
		{9626EE8E-5A74-4CE4-9B17-69C042DF94F2}.Template|Win32.Build.0 = Release|Win32
		{9626EE8E-5A74-4CE4-9B17-69C042DF94F2}.WIN32_DEBUG|Win32.ActiveCfg = Release|Win32
		{9626EE8E-5A74-4CE4-9B17-69C042DF94F2}.WIN32_DEBUG|Win32.Build.0 = Release|Win32
		{9626EE8E-5A74-4CE4-9B17-69C042DF94F2}.WIN32_RELEASE|Win32.ActiveCfg = Release|Win32
		{9626EE8E-5A74-4CE4-9B17-69C042DF94F2}.WIN32_RELEASE|Win32.Build.0 = Release|Win32
		{971F6F0D-A57E-4330-A41E-D8D7216F1085}.Debug_Tools|Win32.ActiveCfg = Debug|Win32
		{971F6F0D-A57E-4330-A41E-D8D7216F1085}.Debug_Tools|Win32.Build.0 = Debug|Win32
		{971F6F0D-A57E-4330-A41E-D8D7216F1085}.Debug|Win32.ActiveCfg = Debug|Win32
		{971F6F0D-A57E-4330-A41E-D8D7216F1085}.Debug|Win32.Build.0 = Debug|Win32
		{971F6F0D-A57E-4330-A41E-D8D7216F1085}.Release_Tools|Win32.ActiveCfg = Release|Win32
		{971F6F0D-A57E-4330-A41E-D8D7216F1085}.Release_Tools|Win32.Build.0 = Release|Win32
		{971F6F0D-A57E-4330-A41E-D8D7216F1085}.Release|Win32.ActiveCfg = Release|Win32
		{971F6F0D-A57E-4330-A41E-D8D7216F1085}.Release|Win32.Build.0 = Release|Win32
		{971F6F0D-A57E-4330-A41E-D8D7216F1085}.Template|Win32.ActiveCfg = Release|Win32
		{971F6F0D-A57E-4330-A41E-D8D7216F1085}.Template|Win32.Build.0 = Release|Win32
		{971F6F0D-A57E-4330-A41E-D8D7216F1085}.WIN32_DEBUG|Win32.ActiveCfg = Release|Win32
		{971F6F0D-A57E-4330-A41E-D8D7216F1085}.WIN32_DEBUG|Win32.Build.0 = Release|Win32
		{971F6F0D-A57E-4330-A41E-D8D7216F1085}.WIN32_RELEASE|Win32.ActiveCfg = Release|Win32
		{971F6F0D-A57E-4330-A41E-D8D7216F1085}.WIN32_RELEASE|Win32.Build.0 = Release|Win32
	EndGlobalSection
	GlobalSection(SolutionProperties) = preSolution
		HideSolutionNode = FALSE
	EndGlobalSection
	GlobalSection(NestedProjects) = preSolution
		{971F6F0D-A57E-4330-A41E-D8D7216F1085} = {B2DA2499-B5BC-426A-A9C1-723E21BF43C1}
		{C40CA432-21FF-43EA-A604-452AE6C3430B} = {D34CB779-0F60-4304-9525-9F5B224281F6}
		{9626EE8E-5A74-4CE4-9B17-69C042DF94F2} = {D34CB779-0F60-4304-9525-9F5B224281F6}
	EndGlobalSection
	GlobalSection(DPCodeReviewSolutionGUID) = preSolution
		DPCodeReviewSolutionGUID = {00000000-0000-0000-0000-000000000000}
	EndGlobalSection
EndGlobal
